
Microsoft Visual Studio Solution File, Format Version 12.00
# Visual Studio 15
VisualStudioVersion = 15.0.28010.2003
MinimumVisualStudioVersion = 10.0.40219.1
Project("{FAE04EC0-301F-11D3-BF4B-00C04F79EFBC}") = "CSC438_20SEP", "CSC438_20SEP\CSC438_20SEP.csproj", "{F861717F-F09A-42F7-9F3B-CC1E1935C7F7}"
EndProject
Global
	GlobalSection(SolutionConfigurationPlatforms) = preSolution
		Debug|Any CPU = Debug|Any CPU
		Release|Any CPU = Release|Any CPU
	EndGlobalSection
	GlobalSection(ProjectConfigurationPlatforms) = postSolution
		{F861717F-F09A-42F7-9F3B-CC1E1935C7F7}.Debug|Any CPU.ActiveCfg = Debug|Any CPU
		{F861717F-F09A-42F7-9F3B-CC1E1935C7F7}.Debug|Any CPU.Build.0 = Debug|Any CPU
		{F861717F-F09A-42F7-9F3B-CC1E1935C7F7}.Release|Any CPU.ActiveCfg = Release|Any CPU
		{F861717F-F09A-42F7-9F3B-CC1E1935C7F7}.Release|Any CPU.Build.0 = Release|Any CPU
	EndGlobalSection
	GlobalSection(SolutionProperties) = preSolution
		HideSolutionNode = FALSE
	EndGlobalSection
	GlobalSection(ExtensibilityGlobals) = postSolution
		SolutionGuid = {2DBE1395-CCFD-407E-AB38-84D185532E3D}
	EndGlobalSection
EndGlobal
